{
  "name": "extra-set",
  "version": "2.1.4",
  "lockfileVersion": 1,
  "requires": true,
  "dependencies": {
    "@extra-array/permutation-update": {
      "version": "2.4.4",
      "resolved": "https://registry.npmjs.org/@extra-array/permutation-update/-/permutation-update-2.4.4.tgz",
      "integrity": "sha512-BweQI9YWIesPvmfWULMNxHSWcBeksyiLuMrbSMo3xrUfsJKVcOVZaPKUmt0KrNirt87048NeWi22L3ewLGv7og==",
      "dev": true
    },
    "@extra-iterable/count": {
      "version": "2.1.26",
      "resolved": "https://registry.npmjs.org/@extra-iterable/count/-/count-2.1.26.tgz",
      "integrity": "sha512-ll5MkIh3z1mzDHnJHbPSz6oPbpnNCSM9qzbyPIUlVBnBqbxc3ihsfuQkErhREjhX2rt8QMcsanppV4j80WIpmA==",
      "dev": true
    },
    "@extra-iterable/count-on": {
      "version": "2.1.26",
      "resolved": "https://registry.npmjs.org/@extra-iterable/count-on/-/count-on-2.1.26.tgz",
      "integrity": "sha512-KIIvhrFKNGcGLAWJZjU2eirwEO0w4TeQnwJbQRLAvaG89joMaKR/duSJB3wgik5yG9omV89ADKAeoGJ/fxmLqQ==",
      "dev": true
    },
    "@extra-iterable/max": {
      "version": "2.1.26",
      "resolved": "https://registry.npmjs.org/@extra-iterable/max/-/max-2.1.26.tgz",
      "integrity": "sha512-T6aydL0rRCJaOSSIvbGxjnHZ7cLxJIJ7qS+tAHbr93hVZ13vPfoN0vYh+ac4hZloIXKXg98OfFoCk113uw3WoA==",
      "dev": true
    },
    "@extra-iterable/max-on": {
      "version": "2.1.26",
      "resolved": "https://registry.npmjs.org/@extra-iterable/max-on/-/max-on-2.1.26.tgz",
      "integrity": "sha512-z8hkHMOUcXeXRSQfDBamWFShanc2FJve8wOVr29NvISuFtdP+BoLaSz3uUIpz9fd+ounPHif/kqJxrsNW8Dthw==",
      "dev": true
    },
    "@extra-iterable/min": {
      "version": "2.1.26",
      "resolved": "https://registry.npmjs.org/@extra-iterable/min/-/min-2.1.26.tgz",
      "integrity": "sha512-NkkYb3JqwkRTwNysK0cBgW9cIpEwAbgRdEhRY79YOr7OJ/ooHZTlrn38nP3A/VlnYS3fQpjQBp9rL/p0gnVZ2Q==",
      "dev": true
    },
    "@extra-iterable/min-on": {
      "version": "2.1.26",
      "resolved": "https://registry.npmjs.org/@extra-iterable/min-on/-/min-on-2.1.26.tgz",
      "integrity": "sha512-/TS2FeUxlmuzW4ytZITCiPfdgQU1K6lhRojcB8F9RWAlpkvYq2RCjPA6pf3rTIQXVfleg89MwV8BfcmVva++iA==",
      "dev": true
    },
    "@extra-iterable/partition-on": {
      "version": "2.1.26",
      "resolved": "https://registry.npmjs.org/@extra-iterable/partition-on/-/partition-on-2.1.26.tgz",
      "integrity": "sha512-+xZ6Mlh4BJsLzH1a8TbaOLunIJRlkVBSruaIgJoHc2bMd6ssDxcVTv//9H979QPbX2NNoaWwBieimXXUA6M6Gw==",
      "dev": true
    },
    "@extra-iterable/range": {
      "version": "2.1.26",
      "resolved": "https://registry.npmjs.org/@extra-iterable/range/-/range-2.1.26.tgz",
      "integrity": "sha512-zTnqk8oLJ8aTlmAZ4ckTBYhTzxVcSTUYlr1L/jtYJVFn5/is22QAfFPE5nGYSJTKAoaVi84+AmuE4NFSGCpvbQ==",
      "dev": true
    },
    "@extra-iterable/range-on": {
      "version": "2.1.26",
      "resolved": "https://registry.npmjs.org/@extra-iterable/range-on/-/range-on-2.1.26.tgz",
      "integrity": "sha512-d+BmALV7ZaAuY9x1vgKYyx+ImEvYkKGq9mnx8+MTfA2xcj4lnpfprLDuDqnj0lZq79PE0XdtYPbYdws6A4Lc5Q==",
      "dev": true
    },
    "ast-types": {
      "version": "0.13.2",
      "resolved": "https://registry.npmjs.org/ast-types/-/ast-types-0.13.2.tgz",
      "integrity": "sha512-uWMHxJxtfj/1oZClOxDEV1sQ1HCDkA4MG8Gr69KKeBjEVH0R84WlejZ0y2DcwyBlpAEMltmVYkVgqfLFb2oyiA==",
      "dev": true
    },
    "crypto-random-string": {
      "version": "2.0.0",
      "resolved": "https://registry.npmjs.org/crypto-random-string/-/crypto-random-string-2.0.0.tgz",
      "integrity": "sha512-v1plID3y9r/lPhviJ1wrXpLeyUIGAZ2SHNYTEapm7/8A9nLPoyvVp3RK/EPFqn5kEznyWgYZNsRtYYIWbuG8KA==",
      "dev": true
    },
    "esprima": {
      "version": "4.0.1",
      "resolved": "https://registry.npmjs.org/esprima/-/esprima-4.0.1.tgz",
      "integrity": "sha512-eGuFFw7Upda+g4p+QHvnW0RyTX/SVeJBDM/gCtMARO0cLuT2HcEKnTPvhjV6aGeqrCB/sbNop0Kszm0jsaWU4A==",
      "dev": true
    },
    "find-npm-prefix": {
      "version": "1.0.2",
      "resolved": "https://registry.npmjs.org/find-npm-prefix/-/find-npm-prefix-1.0.2.tgz",
      "integrity": "sha512-KEftzJ+H90x6pcKtdXZEPsQse8/y/UnvzRKrOSQFprnrGaFuJ62fVkP34Iu2IYuMvyauCyoLTNkJZgrrGA2wkA==",
      "dev": true
    },
    "private": {
      "version": "0.1.8",
      "resolved": "https://registry.npmjs.org/private/-/private-0.1.8.tgz",
      "integrity": "sha512-VvivMrbvd2nKkiG38qjULzlc+4Vx4wm/whI9pQD35YrARNnhxeiRktSOhSukRLFNlzg6Br/cJPet5J/u19r/mg==",
      "dev": true
    },
    "recast": {
      "version": "0.18.7",
      "resolved": "https://registry.npmjs.org/recast/-/recast-0.18.7.tgz",
      "integrity": "sha512-qNfoxvMkW4k8jJgNCfmIES7S31MEejXcEQs57eKUcQGiJUuX7cXNOD2h+W9z0rjNun2EkKqf0WvuRtmHw4NPNg==",
      "dev": true,
      "requires": {
        "ast-types": "0.13.2",
        "esprima": "~4.0.0",
        "private": "^0.1.8",
        "source-map": "~0.6.1"
      },
      "dependencies": {
        "source-map": {
          "version": "0.6.1",
          "resolved": "https://registry.npmjs.org/source-map/-/source-map-0.6.1.tgz",
          "integrity": "sha512-UjgapumWlbMhkBgzT7Ykc5YXUT46F0iKu8SGXq0bcwP5dz/h0Plj6enJqjz1Zbq2l5WaqYnrVbwWOWMyF3F47g==",
          "dev": true
        }
      }
    },
    "temp-dir": {
      "version": "2.0.0",
      "resolved": "https://registry.npmjs.org/temp-dir/-/temp-dir-2.0.0.tgz",
      "integrity": "sha512-aoBAniQmmwtcKp/7BzsH8Cxzv8OL736p7v1ihGb5e9DJ9kTwGWHrQrVB5+lfVDzfGrdRzXch+ig7LHaY1JTOrg==",
      "dev": true
    },
    "tempy": {
      "version": "0.4.0",
      "resolved": "https://registry.npmjs.org/tempy/-/tempy-0.4.0.tgz",
      "integrity": "sha512-mKnScm8aXv+cG6l1Nzp6mERGgC4UblbPnSDeQp83JgZ7xqDcnl+7u3+6zXnf1UE7YluDUTEIna1iKYwCSaOk9g==",
      "dev": true,
      "requires": {
        "temp-dir": "^2.0.0",
        "type-fest": "^0.10.0",
        "unique-string": "^2.0.0"
      }
    },
    "type-fest": {
      "version": "0.10.0",
      "resolved": "https://registry.npmjs.org/type-fest/-/type-fest-0.10.0.tgz",
      "integrity": "sha512-EUV9jo4sffrwlg8s0zDhP0T2WD3pru5Xi0+HTE3zTUmBaZNhfkite9PdSJwdXLwPVW0jnAHT56pZHIOYckPEiw==",
      "dev": true
    },
    "unique-string": {
      "version": "2.0.0",
      "resolved": "https://registry.npmjs.org/unique-string/-/unique-string-2.0.0.tgz",
      "integrity": "sha512-uNaeirEPvpZWSgzwsPGtU2zVSTrn/8L5q/IexZmH0eH6SA73CmAA5U4GwORTxQAZs95TAXLNqeLoPPNO5gZfWg==",
      "dev": true,
      "requires": {
        "crypto-random-string": "^2.0.0"
      }
    }
  }
}
