{
  "name": "set-extra",
  "version": "0.1.4",
  "lockfileVersion": 1,
  "requires": true,
  "dependencies": {
    "set-addall": {
      "version": "0.1.2",
      "resolved": "https://registry.npmjs.org/set-addall/-/set-addall-0.1.2.tgz",
      "integrity": "sha512-hQXU7Ocarryrkj9yKa0YDeHM/LWeJniOecPOYIxjBDAn3qhxk/bzVjFujbHb6cQlklaZhOq47t+Bh3+sLtdOPA==",
      "dev": true
    },
    "set-addarray": {
      "version": "0.1.2",
      "resolved": "https://registry.npmjs.org/set-addarray/-/set-addarray-0.1.2.tgz",
      "integrity": "sha512-jax6MIeukjDD1yEBnGugRi/zY43Jz62P5AVsFpwgyyfVh/5AwhX5WA0nO0k2gyh+L9Sn1n283jE3Ehzq2Xc0zQ==",
      "dev": true
    },
    "set-all": {
      "version": "0.1.1",
      "resolved": "https://registry.npmjs.org/set-all/-/set-all-0.1.1.tgz",
      "integrity": "sha512-Badhtq/DVPejp2ypla0JdmuppqyWhcoDrTeEEUr6D4be+x0N5REEYKITDeF5mOj39cKhLGx7mHvTpD3qaEbCiQ==",
      "dev": true
    },
    "set-any": {
      "version": "0.1.1",
      "resolved": "https://registry.npmjs.org/set-any/-/set-any-0.1.1.tgz",
      "integrity": "sha512-Uj84b2/LxZmFRXWBydV2Pw6xC63IuZmV6blVpkegPr9I0s9FzAfz7lP02cJl9CvxX960QDpyXmZ6cJstm3aSlA==",
      "dev": true
    },
    "set-average": {
      "version": "0.1.1",
      "resolved": "https://registry.npmjs.org/set-average/-/set-average-0.1.1.tgz",
      "integrity": "sha512-FVk9qQK5mxvydxN7ZXmLj7yFeB3zAHnR3V6Ss6QDdAU4NgEwT/a+td0bQyhR61pz3MB6K857CMCS0Nmf1pGs0Q==",
      "dev": true,
      "requires": {
        "set-sum": "0.1.1"
      }
    },
    "set-concat": {
      "version": "0.1.3",
      "resolved": "https://registry.npmjs.org/set-concat/-/set-concat-0.1.3.tgz",
      "integrity": "sha512-tdSSlLGJ8MuNu2tdZCvAw3X6u4gHCDvpjYjdzY9t59QOURVIUAWk+jO6LR3hY1t3J80g6C21TmAPM2P0AzMk/w==",
      "dev": true,
      "requires": {
        "set-addall": "0.1.2"
      }
    },
    "set-contains": {
      "version": "0.1.1",
      "resolved": "https://registry.npmjs.org/set-contains/-/set-contains-0.1.1.tgz",
      "integrity": "sha512-Uf525NDtqddU0iHbuIbSA5216CfPE7QWLl9og8/RLhQqJKaz/aDxSL6mdNKyscoV2aWMLvIe23GWvKe+vIyvfg==",
      "dev": true
    },
    "set-deleteall": {
      "version": "0.1.1",
      "resolved": "https://registry.npmjs.org/set-deleteall/-/set-deleteall-0.1.1.tgz",
      "integrity": "sha512-ZFmNltMhItqM+tqQlLpLmsiBXWAFdRDLDHs0cJLE8nw3Xn4PvUgNKSc9TbqP8RhZtApr9MnGFJ1OSlLAdVWJUw==",
      "dev": true
    },
    "set-equal": {
      "version": "0.1.3",
      "resolved": "https://registry.npmjs.org/set-equal/-/set-equal-0.1.3.tgz",
      "integrity": "sha512-J2/4sB00KLqtAPh+N/48byPKP0fdea4lZXAZCo+QQXPqRn2ETxm9BLQxNgtUt7GclNIgN1fbh2FLSiuM+AgIng==",
      "dev": true
    },
    "set-every": {
      "version": "0.1.1",
      "resolved": "https://registry.npmjs.org/set-every/-/set-every-0.1.1.tgz",
      "integrity": "sha512-TESRmRWhagH1uCpn8HlSCsh6nVKOGpqOeS1rIMs1VUSIne3WquFM+cMqKdwlQAfrG0tMsH5P0PhFNoTuI3U5mA==",
      "dev": true
    },
    "set-filterto": {
      "version": "0.1.1",
      "resolved": "https://registry.npmjs.org/set-filterto/-/set-filterto-0.1.1.tgz",
      "integrity": "sha512-twZVFtaPMUsvl1yP3tLbCWtRPQU+EP59NE40bDnV7DIDt1TWKrXDWmk97wz6YzATWEilcWzeR4FwXFeTKd7ejA==",
      "dev": true
    },
    "set-find": {
      "version": "0.1.1",
      "resolved": "https://registry.npmjs.org/set-find/-/set-find-0.1.1.tgz",
      "integrity": "sha512-ZbMMdX0Rstido2CRIDt2J/1/hE76aWux4A8hZ9st9MbKxzq1ad+nAYW8U/7qSj4lk7qRWdBGOz+8Kg5hgQ1hog==",
      "dev": true
    },
    "set-findall": {
      "version": "0.1.1",
      "resolved": "https://registry.npmjs.org/set-findall/-/set-findall-0.1.1.tgz",
      "integrity": "sha512-1ryYJmF9dzYWLSwd0sAyhr/EPxXfIBkOCMxDTzYhAEPVN04AkdTFD8VeK1JNAF4yqDMveSv0Dkw6v4IVmfitjw==",
      "dev": true,
      "requires": {
        "set-filterto": "0.1.1"
      }
    },
    "set-foreach": {
      "version": "0.1.1",
      "resolved": "https://registry.npmjs.org/set-foreach/-/set-foreach-0.1.1.tgz",
      "integrity": "sha512-G26KbbKx5qZWK30J6THxKvVwdCtjek1g3vf2vzqGWZ0jhgvzYQbT6NHayjrN0QsN0iCyDC7PPmIYfCBOTr2OuA==",
      "dev": true
    },
    "set-intersection": {
      "version": "0.1.1",
      "resolved": "https://registry.npmjs.org/set-intersection/-/set-intersection-0.1.1.tgz",
      "integrity": "sha512-/0jsW7GDuhSzH6TMq5L62BntEfPYFhtCdMnGcPD49BrztAr3wFZ5pnkGLWnItKPXwancrR+125nLlq/I5TBZww==",
      "dev": true
    },
    "set-is": {
      "version": "0.1.2",
      "resolved": "https://registry.npmjs.org/set-is/-/set-is-0.1.2.tgz",
      "integrity": "sha512-cnObDA8q3h9rq28eTEV5jsgNMsnB+h/THixOekx2DeMeeC1E6+mVtR6u0rFSTKsYa6/4EMUe7Wly0EoTI6XeMQ==",
      "dev": true
    },
    "set-mapto": {
      "version": "0.1.1",
      "resolved": "https://registry.npmjs.org/set-mapto/-/set-mapto-0.1.1.tgz",
      "integrity": "sha512-1u0Emd0QaNef1OEJT6PgAj6ptX24l4QNSwjnfEelGg2wyjslDfHaQsdk+1/b5Uk4xvuTUFvvDqjk2jMRBx/ODw==",
      "dev": true
    },
    "set-max": {
      "version": "0.1.1",
      "resolved": "https://registry.npmjs.org/set-max/-/set-max-0.1.1.tgz",
      "integrity": "sha512-TcAcfeH6zxKTNHnune//TWr2yZC1kOgUaalTLx0KmFehozX5TeDZhUIsbKEdbvdh8gROoYaXGQxmLAX0tFl6DQ==",
      "dev": true
    },
    "set-min": {
      "version": "0.1.1",
      "resolved": "https://registry.npmjs.org/set-min/-/set-min-0.1.1.tgz",
      "integrity": "sha512-sY58mms+n+IuXtf4Vj2j54VBB0M7DWSXyYoWZsnXJbVUM9l/VzudtCDe+q1G1ttTqn82GOQeli/tjIaxxYdqdA==",
      "dev": true
    },
    "set-reduce": {
      "version": "0.1.1",
      "resolved": "https://registry.npmjs.org/set-reduce/-/set-reduce-0.1.1.tgz",
      "integrity": "sha512-nY5PlQEqISbcKud06spk9M1Yrl3tveKCOt1vrC8c73bzCrzcrU/IaYDddJe0aEQEbu0AdugU1rRusL880klFBA==",
      "dev": true
    },
    "set-shift": {
      "version": "0.1.2",
      "resolved": "https://registry.npmjs.org/set-shift/-/set-shift-0.1.2.tgz",
      "integrity": "sha512-JK73Jhy3bF4r2t28JpoLdF0V4MHZu1+CcWOfu5PS2cwubiENIf7UojbE0GoqCy8DMh6urHsUD2ad+bwSYpLRHQ==",
      "dev": true
    },
    "set-some": {
      "version": "0.1.1",
      "resolved": "https://registry.npmjs.org/set-some/-/set-some-0.1.1.tgz",
      "integrity": "sha512-G0ZaadHmHUIB408o6GDLk2Qw0uoEi94lTYj6EXcVtEQoDQFqx1wIaNDKV/GF1xIIFjPyi306wKvbjPp0cZedgg==",
      "dev": true
    },
    "set-sum": {
      "version": "0.1.1",
      "resolved": "https://registry.npmjs.org/set-sum/-/set-sum-0.1.1.tgz",
      "integrity": "sha512-iJfH6e/B6KiZ22yxha3B3l9kmjn1yb079G65g/5YysIMNMhS4HTxrTAPlIrcRHriqOl3IBOKJdmbJg2UBrzduQ==",
      "dev": true
    },
    "set-unionto": {
      "version": "0.1.1",
      "resolved": "https://registry.npmjs.org/set-unionto/-/set-unionto-0.1.1.tgz",
      "integrity": "sha512-mBLNGSpbyO92QzVTl/v1QrMcd3KMG+m59+4cyKqc81lRdPxVKmOUBvlJJqUcpDuqx+0GaQVSfna9D/UyvMXcmg==",
      "dev": true,
      "requires": {
        "set-addall": "0.1.2"
      }
    }
  }
}
